
Microsoft Visual Studio Solution File, Format Version 12.00
# Visual Studio Version 17
VisualStudioVersion = 17.0.32126.317
MinimumVisualStudioVersion = 10.0.40219.1
Project("{9A19103F-16F7-4668-BE54-9A1E7A4F7556}") = "APIGateway", "APIGateway\APIGateway.csproj", "{7E085ACD-BBB3-4253-BEFE-644814E2FC01}"
EndProject
Project("{2150E333-8FDC-42A3-9474-1A3956D46DE8}") = "Services", "Services", "{A0A88BA6-17BB-4194-A708-35F780EEE982}"
EndProject
Project("{9A19103F-16F7-4668-BE54-9A1E7A4F7556}") = "Customer.API", "Services\CustomerAPI\Customer.API\Customer.API.csproj", "{E8FD7030-0924-41F4-AC8C-948A6D64DCBF}"
	ProjectSection(ProjectDependencies) = postProject
		{D1314D7D-4C48-44EB-846F-8D4FDDD90D77} = {D1314D7D-4C48-44EB-846F-8D4FDDD90D77}
	EndProjectSection
EndProject
Project("{9A19103F-16F7-4668-BE54-9A1E7A4F7556}") = "Order.API", "Services\OrderAPI\Order.API\Order.API.csproj", "{5D7D5AF9-4400-4B14-B091-9AE539C04CC1}"
EndProject
Project("{2150E333-8FDC-42A3-9474-1A3956D46DE8}") = "CustomerAPI", "CustomerAPI", "{AC177A96-43F0-4CB3-BAB1-B67D08F7F9A9}"
EndProject
Project("{2150E333-8FDC-42A3-9474-1A3956D46DE8}") = "OrderAPI", "OrderAPI", "{14A1B9BD-68C8-4BD1-8171-8867621EFC3D}"
EndProject
Project("{9A19103F-16F7-4668-BE54-9A1E7A4F7556}") = "Customer.API.Models", "Services\CustomerAPI\Customer.API.Models\Customer.API.Models.csproj", "{A282BDEC-340A-42A7-84E6-943D46A7F38C}"
EndProject
Project("{9A19103F-16F7-4668-BE54-9A1E7A4F7556}") = "Customer.API.Services", "Services\CustomerAPI\Customer.API.Services\Customer.API.Services.csproj", "{3DA2A7EE-199B-4733-B2DB-0E6EE1925E46}"
EndProject
Project("{9A19103F-16F7-4668-BE54-9A1E7A4F7556}") = "Order.API.Services", "Services\OrderAPI\Order.API.Services\Order.API.Services.csproj", "{77B4FB45-DC53-4A30-B3A1-509661DE31B2}"
EndProject
Project("{9A19103F-16F7-4668-BE54-9A1E7A4F7556}") = "Order.API.Models", "Services\OrderAPI\Order.API.Models\Order.API.Models.csproj", "{B51A3664-F83F-4922-B862-C38B0B9220F0}"
EndProject
Project("{2150E333-8FDC-42A3-9474-1A3956D46DE8}") = "Tests", "Tests", "{C104A4E8-E12B-4035-BAF1-297DD593DC31}"
EndProject
Project("{9A19103F-16F7-4668-BE54-9A1E7A4F7556}") = "Customer.Tests", "Tests\Customer.Tests\Customer.Tests.csproj", "{74CB77D6-7B1E-4C24-B7CD-04D8C4705FB1}"
EndProject
Project("{9A19103F-16F7-4668-BE54-9A1E7A4F7556}") = "Order.Tests", "Tests\Order.Tests\Order.Tests.csproj", "{9E75F59C-FA64-477F-BA99-3D927DF3B071}"
EndProject
Project("{9A19103F-16F7-4668-BE54-9A1E7A4F7556}") = "Customer.API.Infrastructure", "Services\CustomerAPI\Customer.API.Infrastructure\Customer.API.Infrastructure.csproj", "{D1314D7D-4C48-44EB-846F-8D4FDDD90D77}"
EndProject
Global
	GlobalSection(SolutionConfigurationPlatforms) = preSolution
		Debug|Any CPU = Debug|Any CPU
		Release|Any CPU = Release|Any CPU
	EndGlobalSection
	GlobalSection(ProjectConfigurationPlatforms) = postSolution
		{7E085ACD-BBB3-4253-BEFE-644814E2FC01}.Debug|Any CPU.ActiveCfg = Debug|Any CPU
		{7E085ACD-BBB3-4253-BEFE-644814E2FC01}.Debug|Any CPU.Build.0 = Debug|Any CPU
		{7E085ACD-BBB3-4253-BEFE-644814E2FC01}.Release|Any CPU.ActiveCfg = Release|Any CPU
		{7E085ACD-BBB3-4253-BEFE-644814E2FC01}.Release|Any CPU.Build.0 = Release|Any CPU
		{E8FD7030-0924-41F4-AC8C-948A6D64DCBF}.Debug|Any CPU.ActiveCfg = Debug|Any CPU
		{E8FD7030-0924-41F4-AC8C-948A6D64DCBF}.Debug|Any CPU.Build.0 = Debug|Any CPU
		{E8FD7030-0924-41F4-AC8C-948A6D64DCBF}.Release|Any CPU.ActiveCfg = Release|Any CPU
		{E8FD7030-0924-41F4-AC8C-948A6D64DCBF}.Release|Any CPU.Build.0 = Release|Any CPU
		{5D7D5AF9-4400-4B14-B091-9AE539C04CC1}.Debug|Any CPU.ActiveCfg = Debug|Any CPU
		{5D7D5AF9-4400-4B14-B091-9AE539C04CC1}.Debug|Any CPU.Build.0 = Debug|Any CPU
		{5D7D5AF9-4400-4B14-B091-9AE539C04CC1}.Release|Any CPU.ActiveCfg = Release|Any CPU
		{5D7D5AF9-4400-4B14-B091-9AE539C04CC1}.Release|Any CPU.Build.0 = Release|Any CPU
		{A282BDEC-340A-42A7-84E6-943D46A7F38C}.Debug|Any CPU.ActiveCfg = Debug|Any CPU
		{A282BDEC-340A-42A7-84E6-943D46A7F38C}.Debug|Any CPU.Build.0 = Debug|Any CPU
		{A282BDEC-340A-42A7-84E6-943D46A7F38C}.Release|Any CPU.ActiveCfg = Release|Any CPU
		{A282BDEC-340A-42A7-84E6-943D46A7F38C}.Release|Any CPU.Build.0 = Release|Any CPU
		{3DA2A7EE-199B-4733-B2DB-0E6EE1925E46}.Debug|Any CPU.ActiveCfg = Debug|Any CPU
		{3DA2A7EE-199B-4733-B2DB-0E6EE1925E46}.Debug|Any CPU.Build.0 = Debug|Any CPU
		{3DA2A7EE-199B-4733-B2DB-0E6EE1925E46}.Release|Any CPU.ActiveCfg = Release|Any CPU
		{3DA2A7EE-199B-4733-B2DB-0E6EE1925E46}.Release|Any CPU.Build.0 = Release|Any CPU
		{77B4FB45-DC53-4A30-B3A1-509661DE31B2}.Debug|Any CPU.ActiveCfg = Debug|Any CPU
		{77B4FB45-DC53-4A30-B3A1-509661DE31B2}.Debug|Any CPU.Build.0 = Debug|Any CPU
		{77B4FB45-DC53-4A30-B3A1-509661DE31B2}.Release|Any CPU.ActiveCfg = Release|Any CPU
		{77B4FB45-DC53-4A30-B3A1-509661DE31B2}.Release|Any CPU.Build.0 = Release|Any CPU
		{B51A3664-F83F-4922-B862-C38B0B9220F0}.Debug|Any CPU.ActiveCfg = Debug|Any CPU
		{B51A3664-F83F-4922-B862-C38B0B9220F0}.Debug|Any CPU.Build.0 = Debug|Any CPU
		{B51A3664-F83F-4922-B862-C38B0B9220F0}.Release|Any CPU.ActiveCfg = Release|Any CPU
		{B51A3664-F83F-4922-B862-C38B0B9220F0}.Release|Any CPU.Build.0 = Release|Any CPU
		{74CB77D6-7B1E-4C24-B7CD-04D8C4705FB1}.Debug|Any CPU.ActiveCfg = Debug|Any CPU
		{74CB77D6-7B1E-4C24-B7CD-04D8C4705FB1}.Debug|Any CPU.Build.0 = Debug|Any CPU
		{74CB77D6-7B1E-4C24-B7CD-04D8C4705FB1}.Release|Any CPU.ActiveCfg = Release|Any CPU
		{74CB77D6-7B1E-4C24-B7CD-04D8C4705FB1}.Release|Any CPU.Build.0 = Release|Any CPU
		{9E75F59C-FA64-477F-BA99-3D927DF3B071}.Debug|Any CPU.ActiveCfg = Debug|Any CPU
		{9E75F59C-FA64-477F-BA99-3D927DF3B071}.Debug|Any CPU.Build.0 = Debug|Any CPU
		{9E75F59C-FA64-477F-BA99-3D927DF3B071}.Release|Any CPU.ActiveCfg = Release|Any CPU
		{9E75F59C-FA64-477F-BA99-3D927DF3B071}.Release|Any CPU.Build.0 = Release|Any CPU
		{D1314D7D-4C48-44EB-846F-8D4FDDD90D77}.Debug|Any CPU.ActiveCfg = Debug|Any CPU
		{D1314D7D-4C48-44EB-846F-8D4FDDD90D77}.Debug|Any CPU.Build.0 = Debug|Any CPU
		{D1314D7D-4C48-44EB-846F-8D4FDDD90D77}.Release|Any CPU.ActiveCfg = Release|Any CPU
		{D1314D7D-4C48-44EB-846F-8D4FDDD90D77}.Release|Any CPU.Build.0 = Release|Any CPU
	EndGlobalSection
	GlobalSection(SolutionProperties) = preSolution
		HideSolutionNode = FALSE
	EndGlobalSection
	GlobalSection(NestedProjects) = preSolution
		{E8FD7030-0924-41F4-AC8C-948A6D64DCBF} = {AC177A96-43F0-4CB3-BAB1-B67D08F7F9A9}
		{5D7D5AF9-4400-4B14-B091-9AE539C04CC1} = {14A1B9BD-68C8-4BD1-8171-8867621EFC3D}
		{AC177A96-43F0-4CB3-BAB1-B67D08F7F9A9} = {A0A88BA6-17BB-4194-A708-35F780EEE982}
		{14A1B9BD-68C8-4BD1-8171-8867621EFC3D} = {A0A88BA6-17BB-4194-A708-35F780EEE982}
		{A282BDEC-340A-42A7-84E6-943D46A7F38C} = {AC177A96-43F0-4CB3-BAB1-B67D08F7F9A9}
		{3DA2A7EE-199B-4733-B2DB-0E6EE1925E46} = {AC177A96-43F0-4CB3-BAB1-B67D08F7F9A9}
		{77B4FB45-DC53-4A30-B3A1-509661DE31B2} = {14A1B9BD-68C8-4BD1-8171-8867621EFC3D}
		{B51A3664-F83F-4922-B862-C38B0B9220F0} = {14A1B9BD-68C8-4BD1-8171-8867621EFC3D}
		{74CB77D6-7B1E-4C24-B7CD-04D8C4705FB1} = {C104A4E8-E12B-4035-BAF1-297DD593DC31}
		{9E75F59C-FA64-477F-BA99-3D927DF3B071} = {C104A4E8-E12B-4035-BAF1-297DD593DC31}
		{D1314D7D-4C48-44EB-846F-8D4FDDD90D77} = {AC177A96-43F0-4CB3-BAB1-B67D08F7F9A9}
	EndGlobalSection
	GlobalSection(ExtensibilityGlobals) = postSolution
		SolutionGuid = {5080EFB2-ACDE-4100-8B92-CE90ED0D4970}
	EndGlobalSection
EndGlobal
